
Microsoft Visual Studio Solution File, Format Version 12.00
# Visual Studio Version 16
VisualStudioVersion = 16.0.29001.49
MinimumVisualStudioVersion = 10.0.40219.1
Project("{FAE04EC0-301F-11D3-BF4B-00C04F79EFBC}") = "Move Picture 2", "Move Picture 2\Move Picture 2.csproj", "{D72FA0F6-D873-49EC-955C-5F225F5CD514}"
EndProject
Global
	GlobalSection(SolutionConfigurationPlatforms) = preSolution
		Debug|Any CPU = Debug|Any CPU
		Release|Any CPU = Release|Any CPU
	EndGlobalSection
	GlobalSection(ProjectConfigurationPlatforms) = postSolution
		{D72FA0F6-D873-49EC-955C-5F225F5CD514}.Debug|Any CPU.ActiveCfg = Debug|Any CPU
		{D72FA0F6-D873-49EC-955C-5F225F5CD514}.Debug|Any CPU.Build.0 = Debug|Any CPU
		{D72FA0F6-D873-49EC-955C-5F225F5CD514}.Release|Any CPU.ActiveCfg = Release|Any CPU
		{D72FA0F6-D873-49EC-955C-5F225F5CD514}.Release|Any CPU.Build.0 = Release|Any CPU
	EndGlobalSection
	GlobalSection(SolutionProperties) = preSolution
		HideSolutionNode = FALSE
	EndGlobalSection
	GlobalSection(ExtensibilityGlobals) = postSolution
		SolutionGuid = {DB1ED6B5-3833-4AF1-9CBB-D0310B906539}
	EndGlobalSection
EndGlobal
